// !$*UTF8*$!
{
	archiveVersion = 1;
	classes = {
	};
	objectVersion = 56;
	objects = {

/* Begin PBXBuildFile section */
		7302D0AC2B46A01500FCA47B /* searchView.swift in Sources */ = {isa = PBXBuildFile; fileRef = 7302D0AB2B46A01500FCA47B /* searchView.swift */; };
		7302D0AE2B46A02100FCA47B /* userDetail.swift in Sources */ = {isa = PBXBuildFile; fileRef = 7302D0AD2B46A02100FCA47B /* userDetail.swift */; };
		7302D0B02B46A02B00FCA47B /* followerView.swift in Sources */ = {isa = PBXBuildFile; fileRef = 7302D0AF2B46A02B00FCA47B /* followerView.swift */; };
		7302D0B22B46A03300FCA47B /* followingView.swift in Sources */ = {isa = PBXBuildFile; fileRef = 7302D0B12B46A03300FCA47B /* followingView.swift */; };
		7302D0B42B46A03E00FCA47B /* dataModel.swift in Sources */ = {isa = PBXBuildFile; fileRef = 7302D0B32B46A03E00FCA47B /* dataModel.swift */; };
		7302D0BC2B46ABB200FCA47B /* userDetailViewModel.swift in Sources */ = {isa = PBXBuildFile; fileRef = 7302D0BB2B46ABB200FCA47B /* userDetailViewModel.swift */; };
		7302D0BE2B46ABC400FCA47B /* followingViewModel.swift in Sources */ = {isa = PBXBuildFile; fileRef = 7302D0BD2B46ABC400FCA47B /* followingViewModel.swift */; };
		7302D0C02B46ABD200FCA47B /* followerViewModel.swift in Sources */ = {isa = PBXBuildFile; fileRef = 7302D0BF2B46ABD200FCA47B /* followerViewModel.swift */; };
		7302D0C42B46D11F00FCA47B /* NetworkManager.swift in Sources */ = {isa = PBXBuildFile; fileRef = 7302D0C32B46D11F00FCA47B /* NetworkManager.swift */; };
		7302D0C62B46D60E00FCA47B /* ErrorEnums.swift in Sources */ = {isa = PBXBuildFile; fileRef = 7302D0C52B46D60E00FCA47B /* ErrorEnums.swift */; };
		73B8BC2B2B45400800EC8115 /* GithubFollowersApp.swift in Sources */ = {isa = PBXBuildFile; fileRef = 73B8BC2A2B45400800EC8115 /* GithubFollowersApp.swift */; };
		73B8BC2D2B45400800EC8115 /* ContentView.swift in Sources */ = {isa = PBXBuildFile; fileRef = 73B8BC2C2B45400800EC8115 /* ContentView.swift */; };
		73B8BC2F2B45400800EC8115 /* Assets.xcassets in Resources */ = {isa = PBXBuildFile; fileRef = 73B8BC2E2B45400800EC8115 /* Assets.xcassets */; };
		73B8BC322B45400800EC8115 /* Preview Assets.xcassets in Resources */ = {isa = PBXBuildFile; fileRef = 73B8BC312B45400800EC8115 /* Preview Assets.xcassets */; };
/* End PBXBuildFile section */

/* Begin PBXFileReference section */
		7302D0AB2B46A01500FCA47B /* searchView.swift */ = {isa = PBXFileReference; lastKnownFileType = sourcecode.swift; path = searchView.swift; sourceTree = "<group>"; };
		7302D0AD2B46A02100FCA47B /* userDetail.swift */ = {isa = PBXFileReference; lastKnownFileType = sourcecode.swift; path = userDetail.swift; sourceTree = "<group>"; };
		7302D0AF2B46A02B00FCA47B /* followerView.swift */ = {isa = PBXFileReference; lastKnownFileType = sourcecode.swift; path = followerView.swift; sourceTree = "<group>"; };
		7302D0B12B46A03300FCA47B /* followingView.swift */ = {isa = PBXFileReference; lastKnownFileType = sourcecode.swift; path = followingView.swift; sourceTree = "<group>"; };
		7302D0B32B46A03E00FCA47B /* dataModel.swift */ = {isa = PBXFileReference; lastKnownFileType = sourcecode.swift; path = dataModel.swift; sourceTree = "<group>"; };
		7302D0BB2B46ABB200FCA47B /* userDetailViewModel.swift */ = {isa = PBXFileReference; lastKnownFileType = sourcecode.swift; path = userDetailViewModel.swift; sourceTree = "<group>"; };
		7302D0BD2B46ABC400FCA47B /* followingViewModel.swift */ = {isa = PBXFileReference; lastKnownFileType = sourcecode.swift; path = followingViewModel.swift; sourceTree = "<group>"; };
		7302D0BF2B46ABD200FCA47B /* followerViewModel.swift */ = {isa = PBXFileReference; lastKnownFileType = sourcecode.swift; path = followerViewModel.swift; sourceTree = "<group>"; };
		7302D0C32B46D11F00FCA47B /* NetworkManager.swift */ = {isa = PBXFileReference; lastKnownFileType = sourcecode.swift; path = NetworkManager.swift; sourceTree = "<group>"; };
		7302D0C52B46D60E00FCA47B /* ErrorEnums.swift */ = {isa = PBXFileReference; lastKnownFileType = sourcecode.swift; path = ErrorEnums.swift; sourceTree = "<group>"; };
		73B8BC272B45400800EC8115 /* GithubFollowers.app */ = {isa = PBXFileReference; explicitFileType = wrapper.application; includeInIndex = 0; path = GithubFollowers.app; sourceTree = BUILT_PRODUCTS_DIR; };
		73B8BC2A2B45400800EC8115 /* GithubFollowersApp.swift */ = {isa = PBXFileReference; lastKnownFileType = sourcecode.swift; path = GithubFollowersApp.swift; sourceTree = "<group>"; };
		73B8BC2C2B45400800EC8115 /* ContentView.swift */ = {isa = PBXFileReference; lastKnownFileType = sourcecode.swift; path = ContentView.swift; sourceTree = "<group>"; };
		73B8BC2E2B45400800EC8115 /* Assets.xcassets */ = {isa = PBXFileReference; lastKnownFileType = folder.assetcatalog; path = Assets.xcassets; sourceTree = "<group>"; };
		73B8BC312B45400800EC8115 /* Preview Assets.xcassets */ = {isa = PBXFileReference; lastKnownFileType = folder.assetcatalog; path = "Preview Assets.xcassets"; sourceTree = "<group>"; };
/* End PBXFileReference section */

/* Begin PBXFrameworksBuildPhase section */
		73B8BC242B45400800EC8115 /* Frameworks */ = {
			isa = PBXFrameworksBuildPhase;
			buildActionMask = 2147483647;
			files = (
			);
			runOnlyForDeploymentPostprocessing = 0;
		};
/* End PBXFrameworksBuildPhase section */

/* Begin PBXGroup section */
		7302D0B72B46AB5500FCA47B /* Screens */ = {
			isa = PBXGroup;
			children = (
				7302D0AB2B46A01500FCA47B /* searchView.swift */,
				7302D0BA2B46AB8200FCA47B /* UserDetail */,
				7302D0B92B46AB7900FCA47B /* Following */,
				7302D0B82B46AB5F00FCA47B /* Follower */,
			);
			path = Screens;
			sourceTree = "<group>";
		};
		7302D0B82B46AB5F00FCA47B /* Follower */ = {
			isa = PBXGroup;
			children = (
				7302D0AF2B46A02B00FCA47B /* followerView.swift */,
				7302D0BF2B46ABD200FCA47B /* followerViewModel.swift */,
			);
			path = Follower;
			sourceTree = "<group>";
		};
		7302D0B92B46AB7900FCA47B /* Following */ = {
			isa = PBXGroup;
			children = (
				7302D0B12B46A03300FCA47B /* followingView.swift */,
				7302D0BD2B46ABC400FCA47B /* followingViewModel.swift */,
			);
			path = Following;
			sourceTree = "<group>";
		};
		7302D0BA2B46AB8200FCA47B /* UserDetail */ = {
			isa = PBXGroup;
			children = (
				7302D0AD2B46A02100FCA47B /* userDetail.swift */,
				7302D0BB2B46ABB200FCA47B /* userDetailViewModel.swift */,
			);
			path = UserDetail;
			sourceTree = "<group>";
		};
		7302D0C12B46C14300FCA47B /* Model */ = {
			isa = PBXGroup;
			children = (
				7302D0B32B46A03E00FCA47B /* dataModel.swift */,
			);
			path = Model;
			sourceTree = "<group>";
		};
		7302D0C22B46D10F00FCA47B /* NetworkManager */ = {
			isa = PBXGroup;
			children = (
				7302D0C32B46D11F00FCA47B /* NetworkManager.swift */,
				7302D0C52B46D60E00FCA47B /* ErrorEnums.swift */,
			);
			path = NetworkManager;
			sourceTree = "<group>";
		};
		73B8BC1E2B45400800EC8115 = {
			isa = PBXGroup;
			children = (
				73B8BC292B45400800EC8115 /* GithubFollowers */,
				73B8BC282B45400800EC8115 /* Products */,
			);
			sourceTree = "<group>";
		};
		73B8BC282B45400800EC8115 /* Products */ = {
			isa = PBXGroup;
			children = (
				73B8BC272B45400800EC8115 /* GithubFollowers.app */,
			);
			name = Products;
			sourceTree = "<group>";
		};
		73B8BC292B45400800EC8115 /* GithubFollowers */ = {
			isa = PBXGroup;
			children = (
				7302D0C22B46D10F00FCA47B /* NetworkManager */,
				7302D0C12B46C14300FCA47B /* Model */,
				7302D0B72B46AB5500FCA47B /* Screens */,
				73B8BC2A2B45400800EC8115 /* GithubFollowersApp.swift */,
				73B8BC2C2B45400800EC8115 /* ContentView.swift */,
				73B8BC2E2B45400800EC8115 /* Assets.xcassets */,
				73B8BC302B45400800EC8115 /* Preview Content */,
			);
			path = GithubFollowers;
			sourceTree = "<group>";
		};
		73B8BC302B45400800EC8115 /* Preview Content */ = {
			isa = PBXGroup;
			children = (
				73B8BC312B45400800EC8115 /* Preview Assets.xcassets */,
			);
			path = "Preview Content";
			sourceTree = "<group>";
		};
/* End PBXGroup section */

/* Begin PBXNativeTarget section */
		73B8BC262B45400800EC8115 /* GithubFollowers */ = {
			isa = PBXNativeTarget;
			buildConfigurationList = 73B8BC352B45400800EC8115 /* Build configuration list for PBXNativeTarget "GithubFollowers" */;
			buildPhases = (
				73B8BC232B45400800EC8115 /* Sources */,
				73B8BC242B45400800EC8115 /* Frameworks */,
				73B8BC252B45400800EC8115 /* Resources */,
			);
			buildRules = (
			);
			dependencies = (
			);
			name = GithubFollowers;
			productName = GithubFollowers;
			productReference = 73B8BC272B45400800EC8115 /* GithubFollowers.app */;
			productType = "com.apple.product-type.application";
		};
/* End PBXNativeTarget section */

/* Begin PBXProject section */
		73B8BC1F2B45400800EC8115 /* Project object */ = {
			isa = PBXProject;
			attributes = {
				BuildIndependentTargetsInParallel = 1;
				LastSwiftUpdateCheck = 1500;
				LastUpgradeCheck = 1500;
				TargetAttributes = {
					73B8BC262B45400800EC8115 = {
						CreatedOnToolsVersion = 15.0.1;
					};
				};
			};
			buildConfigurationList = 73B8BC222B45400800EC8115 /* Build configuration list for PBXProject "GithubFollowers" */;
			compatibilityVersion = "Xcode 14.0";
			developmentRegion = en;
			hasScannedForEncodings = 0;
			knownRegions = (
				en,
				Base,
			);
			mainGroup = 73B8BC1E2B45400800EC8115;
			productRefGroup = 73B8BC282B45400800EC8115 /* Products */;
			projectDirPath = "";
			projectRoot = "";
			targets = (
				73B8BC262B45400800EC8115 /* GithubFollowers */,
			);
		};
/* End PBXProject section */

/* Begin PBXResourcesBuildPhase section */
		73B8BC252B45400800EC8115 /* Resources */ = {
			isa = PBXResourcesBuildPhase;
			buildActionMask = 2147483647;
			files = (
				73B8BC322B45400800EC8115 /* Preview Assets.xcassets in Resources */,
				73B8BC2F2B45400800EC8115 /* Assets.xcassets in Resources */,
			);
			runOnlyForDeploymentPostprocessing = 0;
		};
/* End PBXResourcesBuildPhase section */

/* Begin PBXSourcesBuildPhase section */
		73B8BC232B45400800EC8115 /* Sources */ = {
			isa = PBXSourcesBuildPhase;
			buildActionMask = 2147483647;
			files = (
				7302D0C02B46ABD200FCA47B /* followerViewModel.swift in Sources */,
				7302D0AC2B46A01500FCA47B /* searchView.swift in Sources */,
				73B8BC2D2B45400800EC8115 /* ContentView.swift in Sources */,
				7302D0B42B46A03E00FCA47B /* dataModel.swift in Sources */,
				7302D0C42B46D11F00FCA47B /* NetworkManager.swift in Sources */,
				73B8BC2B2B45400800EC8115 /* GithubFollowersApp.swift in Sources */,
				7302D0BC2B46ABB200FCA47B /* userDetailViewModel.swift in Sources */,
				7302D0AE2B46A02100FCA47B /* userDetail.swift in Sources */,
				7302D0BE2B46ABC400FCA47B /* followingViewModel.swift in Sources */,
				7302D0C62B46D60E00FCA47B /* ErrorEnums.swift in Sources */,
				7302D0B22B46A03300FCA47B /* followingView.swift in Sources */,
				7302D0B02B46A02B00FCA47B /* followerView.swift in Sources */,
			);
			runOnlyForDeploymentPostprocessing = 0;
		};
/* End PBXSourcesBuildPhase section */

/* Begin XCBuildConfiguration section */
		73B8BC332B45400800EC8115 /* Debug */ = {
			isa = XCBuildConfiguration;
			buildSettings = {
				ALWAYS_SEARCH_USER_PATHS = NO;
				ASSETCATALOG_COMPILER_GENERATE_SWIFT_ASSET_SYMBOL_EXTENSIONS = YES;
				CLANG_ANALYZER_NONNULL = YES;
				CLANG_ANALYZER_NUMBER_OBJECT_CONVERSION = YES_AGGRESSIVE;
				CLANG_CXX_LANGUAGE_STANDARD = "gnu++20";
				CLANG_ENABLE_MODULES = YES;
				CLANG_ENABLE_OBJC_ARC = YES;
				CLANG_ENABLE_OBJC_WEAK = YES;
				CLANG_WARN_BLOCK_CAPTURE_AUTORELEASING = YES;
				CLANG_WARN_BOOL_CONVERSION = YES;
				CLANG_WARN_COMMA = YES;
				CLANG_WARN_CONSTANT_CONVERSION = YES;
				CLANG_WARN_DEPRECATED_OBJC_IMPLEMENTATIONS = YES;
				CLANG_WARN_DIRECT_OBJC_ISA_USAGE = YES_ERROR;
				CLANG_WARN_DOCUMENTATION_COMMENTS = YES;
				CLANG_WARN_EMPTY_BODY = YES;
				CLANG_WARN_ENUM_CONVERSION = YES;
				CLANG_WARN_INFINITE_RECURSION = YES;
				CLANG_WARN_INT_CONVERSION = YES;
				CLANG_WARN_NON_LITERAL_NULL_CONVERSION = YES;
				CLANG_WARN_OBJC_IMPLICIT_RETAIN_SELF = YES;
				CLANG_WARN_OBJC_LITERAL_CONVERSION = YES;
				CLANG_WARN_OBJC_ROOT_CLASS = YES_ERROR;
				CLANG_WARN_QUOTED_INCLUDE_IN_FRAMEWORK_HEADER = YES;
				CLANG_WARN_RANGE_LOOP_ANALYSIS = YES;
				CLANG_WARN_STRICT_PROTOTYPES = YES;
				CLANG_WARN_SUSPICIOUS_MOVE = YES;
				CLANG_WARN_UNGUARDED_AVAILABILITY = YES_AGGRESSIVE;
				CLANG_WARN_UNREACHABLE_CODE = YES;
				CLANG_WARN__DUPLICATE_METHOD_MATCH = YES;
				COPY_PHASE_STRIP = NO;
				DEBUG_INFORMATION_FORMAT = dwarf;
				ENABLE_STRICT_OBJC_MSGSEND = YES;
				ENABLE_TESTABILITY = YES;
				ENABLE_USER_SCRIPT_SANDBOXING = YES;
				GCC_C_LANGUAGE_STANDARD = gnu17;
				GCC_DYNAMIC_NO_PIC = NO;
				GCC_NO_COMMON_BLOCKS = YES;
				GCC_OPTIMIZATION_LEVEL = 0;
				GCC_PREPROCESSOR_DEFINITIONS = (
					"DEBUG=1",
					"$(inherited)",
				);
				GCC_WARN_64_TO_32_BIT_CONVERSION = YES;
				GCC_WARN_ABOUT_RETURN_TYPE = YES_ERROR;
				GCC_WARN_UNDECLARED_SELECTOR = YES;
				GCC_WARN_UNINITIALIZED_AUTOS = YES_AGGRESSIVE;
				GCC_WARN_UNUSED_FUNCTION = YES;
				GCC_WARN_UNUSED_VARIABLE = YES;
				IPHONEOS_DEPLOYMENT_TARGET = 17.0;
				LOCALIZATION_PREFERS_STRING_CATALOGS = YES;
				MTL_ENABLE_DEBUG_INFO = INCLUDE_SOURCE;
				MTL_FAST_MATH = YES;
				ONLY_ACTIVE_ARCH = YES;
				SDKROOT = iphoneos;
				SWIFT_ACTIVE_COMPILATION_CONDITIONS = "DEBUG $(inherited)";
				SWIFT_OPTIMIZATION_LEVEL = "-Onone";
			};
			name = Debug;
		};
		73B8BC342B45400800EC8115 /* Release */ = {
			isa = XCBuildConfiguration;
			buildSettings = {
				ALWAYS_SEARCH_USER_PATHS = NO;
				ASSETCATALOG_COMPILER_GENERATE_SWIFT_ASSET_SYMBOL_EXTENSIONS = YES;
				CLANG_ANALYZER_NONNULL = YES;
				CLANG_ANALYZER_NUMBER_OBJECT_CONVERSION = YES_AGGRESSIVE;
				CLANG_CXX_LANGUAGE_STANDARD = "gnu++20";
				CLANG_ENABLE_MODULES = YES;
				CLANG_ENABLE_OBJC_ARC = YES;
				CLANG_ENABLE_OBJC_WEAK = YES;
				CLANG_WARN_BLOCK_CAPTURE_AUTORELEASING = YES;
				CLANG_WARN_BOOL_CONVERSION = YES;
				CLANG_WARN_COMMA = YES;
				CLANG_WARN_CONSTANT_CONVERSION = YES;
				CLANG_WARN_DEPRECATED_OBJC_IMPLEMENTATIONS = YES;
				CLANG_WARN_DIRECT_OBJC_ISA_USAGE = YES_ERROR;
				CLANG_WARN_DOCUMENTATION_COMMENTS = YES;
				CLANG_WARN_EMPTY_BODY = YES;
				CLANG_WARN_ENUM_CONVERSION = YES;
				CLANG_WARN_INFINITE_RECURSION = YES;
				CLANG_WARN_INT_CONVERSION = YES;
				CLANG_WARN_NON_LITERAL_NULL_CONVERSION = YES;
				CLANG_WARN_OBJC_IMPLICIT_RETAIN_SELF = YES;
				CLANG_WARN_OBJC_LITERAL_CONVERSION = YES;
				CLANG_WARN_OBJC_ROOT_CLASS = YES_ERROR;
				CLANG_WARN_QUOTED_INCLUDE_IN_FRAMEWORK_HEADER = YES;
				CLANG_WARN_RANGE_LOOP_ANALYSIS = YES;
				CLANG_WARN_STRICT_PROTOTYPES = YES;
				CLANG_WARN_SUSPICIOUS_MOVE = YES;
				CLANG_WARN_UNGUARDED_AVAILABILITY = YES_AGGRESSIVE;
				CLANG_WARN_UNREACHABLE_CODE = YES;
				CLANG_WARN__DUPLICATE_METHOD_MATCH = YES;
				COPY_PHASE_STRIP = NO;
				DEBUG_INFORMATION_FORMAT = "dwarf-with-dsym";
				ENABLE_NS_ASSERTIONS = NO;
				ENABLE_STRICT_OBJC_MSGSEND = YES;
				ENABLE_USER_SCRIPT_SANDBOXING = YES;
				GCC_C_LANGUAGE_STANDARD = gnu17;
				GCC_NO_COMMON_BLOCKS = YES;
				GCC_WARN_64_TO_32_BIT_CONVERSION = YES;
				GCC_WARN_ABOUT_RETURN_TYPE = YES_ERROR;
				GCC_WARN_UNDECLARED_SELECTOR = YES;
				GCC_WARN_UNINITIALIZED_AUTOS = YES_AGGRESSIVE;
				GCC_WARN_UNUSED_FUNCTION = YES;
				GCC_WARN_UNUSED_VARIABLE = YES;
				IPHONEOS_DEPLOYMENT_TARGET = 17.0;
				LOCALIZATION_PREFERS_STRING_CATALOGS = YES;
				MTL_ENABLE_DEBUG_INFO = NO;
				MTL_FAST_MATH = YES;
				SDKROOT = iphoneos;
				SWIFT_COMPILATION_MODE = wholemodule;
				VALIDATE_PRODUCT = YES;
			};
			name = Release;
		};
		73B8BC362B45400800EC8115 /* Debug */ = {
			isa = XCBuildConfiguration;
			buildSettings = {
				ASSETCATALOG_COMPILER_APPICON_NAME = AppIcon;
				ASSETCATALOG_COMPILER_GLOBAL_ACCENT_COLOR_NAME = AccentColor;
				CODE_SIGN_STYLE = Automatic;
				CURRENT_PROJECT_VERSION = 1;
				DEVELOPMENT_ASSET_PATHS = "\"GithubFollowers/Preview Content\"";
				ENABLE_PREVIEWS = YES;
				GENERATE_INFOPLIST_FILE = YES;
				INFOPLIST_KEY_UIApplicationSceneManifest_Generation = YES;
				INFOPLIST_KEY_UIApplicationSupportsIndirectInputEvents = YES;
				INFOPLIST_KEY_UILaunchScreen_Generation = YES;
				INFOPLIST_KEY_UISupportedInterfaceOrientations_iPad = "UIInterfaceOrientationPortrait UIInterfaceOrientationPortraitUpsideDown UIInterfaceOrientationLandscapeLeft UIInterfaceOrientationLandscapeRight";
				INFOPLIST_KEY_UISupportedInterfaceOrientations_iPhone = "UIInterfaceOrientationPortrait UIInterfaceOrientationLandscapeLeft UIInterfaceOrientationLandscapeRight";
				LD_RUNPATH_SEARCH_PATHS = (
					"$(inherited)",
					"@executable_path/Frameworks",
				);
				MARKETING_VERSION = 1.0;
				PRODUCT_BUNDLE_IDENTIFIER = com.warnite.GithubFollowers;
				PRODUCT_NAME = "$(TARGET_NAME)";
				SWIFT_EMIT_LOC_STRINGS = YES;
				SWIFT_VERSION = 5.0;
				TARGETED_DEVICE_FAMILY = "1,2";
			};
			name = Debug;
		};
		73B8BC372B45400800EC8115 /* Release */ = {
			isa = XCBuildConfiguration;
			buildSettings = {
				ASSETCATALOG_COMPILER_APPICON_NAME = AppIcon;
				ASSETCATALOG_COMPILER_GLOBAL_ACCENT_COLOR_NAME = AccentColor;
				CODE_SIGN_STYLE = Automatic;
				CURRENT_PROJECT_VERSION = 1;
				DEVELOPMENT_ASSET_PATHS = "\"GithubFollowers/Preview Content\"";
				ENABLE_PREVIEWS = YES;
				GENERATE_INFOPLIST_FILE = YES;
				INFOPLIST_KEY_UIApplicationSceneManifest_Generation = YES;
				INFOPLIST_KEY_UIApplicationSupportsIndirectInputEvents = YES;
				INFOPLIST_KEY_UILaunchScreen_Generation = YES;
				INFOPLIST_KEY_UISupportedInterfaceOrientations_iPad = "UIInterfaceOrientationPortrait UIInterfaceOrientationPortraitUpsideDown UIInterfaceOrientationLandscapeLeft UIInterfaceOrientationLandscapeRight";
				INFOPLIST_KEY_UISupportedInterfaceOrientations_iPhone = "UIInterfaceOrientationPortrait UIInterfaceOrientationLandscapeLeft UIInterfaceOrientationLandscapeRight";
				LD_RUNPATH_SEARCH_PATHS = (
					"$(inherited)",
					"@executable_path/Frameworks",
				);
				MARKETING_VERSION = 1.0;
				PRODUCT_BUNDLE_IDENTIFIER = com.warnite.GithubFollowers;
				PRODUCT_NAME = "$(TARGET_NAME)";
				SWIFT_EMIT_LOC_STRINGS = YES;
				SWIFT_VERSION = 5.0;
				TARGETED_DEVICE_FAMILY = "1,2";
			};
			name = Release;
		};
/* End XCBuildConfiguration section */

/* Begin XCConfigurationList section */
		73B8BC222B45400800EC8115 /* Build configuration list for PBXProject "GithubFollowers" */ = {
			isa = XCConfigurationList;
			buildConfigurations = (
				73B8BC332B45400800EC8115 /* Debug */,
				73B8BC342B45400800EC8115 /* Release */,
			);
			defaultConfigurationIsVisible = 0;
			defaultConfigurationName = Release;
		};
		73B8BC352B45400800EC8115 /* Build configuration list for PBXNativeTarget "GithubFollowers" */ = {
			isa = XCConfigurationList;
			buildConfigurations = (
				73B8BC362B45400800EC8115 /* Debug */,
				73B8BC372B45400800EC8115 /* Release */,
			);
			defaultConfigurationIsVisible = 0;
			defaultConfigurationName = Release;
		};
/* End XCConfigurationList section */
	};
	rootObject = 73B8BC1F2B45400800EC8115 /* Project object */;
}
